
Microsoft Visual Studio Solution File, Format Version 12.00
# Visual Studio Version 16
VisualStudioVersion = 16.0.31605.320
MinimumVisualStudioVersion = 10.0.40219.1
Project("{FAE04EC0-301F-11D3-BF4B-00C04F79EFBC}") = "SaaSActivator-Gui", "SaaSActivator-Gui\SaaSActivator-Gui.csproj", "{65F36AF2-CA18-4AA6-AE22-461A11A92110}"
EndProject
Global
	GlobalSection(SolutionConfigurationPlatforms) = preSolution
		Debug|Any CPU = Debug|Any CPU
		Release|Any CPU = Release|Any CPU
	EndGlobalSection
	GlobalSection(ProjectConfigurationPlatforms) = postSolution
		{65F36AF2-CA18-4AA6-AE22-461A11A92110}.Debug|Any CPU.ActiveCfg = Debug|Any CPU
		{65F36AF2-CA18-4AA6-AE22-461A11A92110}.Debug|Any CPU.Build.0 = Debug|Any CPU
		{65F36AF2-CA18-4AA6-AE22-461A11A92110}.Release|Any CPU.ActiveCfg = Release|Any CPU
		{65F36AF2-CA18-4AA6-AE22-461A11A92110}.Release|Any CPU.Build.0 = Release|Any CPU
	EndGlobalSection
	GlobalSection(SolutionProperties) = preSolution
		HideSolutionNode = FALSE
	EndGlobalSection
	GlobalSection(ExtensibilityGlobals) = postSolution
		SolutionGuid = {2BD22EFD-81D4-4BEA-BD0C-61BC6548ADBD}
	EndGlobalSection
EndGlobal
